
Microsoft Visual Studio Solution File, Format Version 12.00
# Visual Studio Version 17
VisualStudioVersion = 17.13.35919.96
MinimumVisualStudioVersion = 10.0.40219.1
Project("{FAE04EC0-301F-11D3-BF4B-00C04F79EFBC}") = "Entidades", "Entidades\Entidades.csproj", "{558E8A3E-816A-4CF4-BC65-0BD3FD8FFEB3}"
EndProject
Project("{FAE04EC0-301F-11D3-BF4B-00C04F79EFBC}") = "Front", "Front\Front.csproj", "{014FDB2F-248F-4EF1-86EF-E1EC26756957}"
EndProject
Global
	GlobalSection(SolutionConfigurationPlatforms) = preSolution
		Debug|Any CPU = Debug|Any CPU
		Release|Any CPU = Release|Any CPU
	EndGlobalSection
	GlobalSection(ProjectConfigurationPlatforms) = postSolution
		{558E8A3E-816A-4CF4-BC65-0BD3FD8FFEB3}.Debug|Any CPU.ActiveCfg = Debug|Any CPU
		{558E8A3E-816A-4CF4-BC65-0BD3FD8FFEB3}.Debug|Any CPU.Build.0 = Debug|Any CPU
		{558E8A3E-816A-4CF4-BC65-0BD3FD8FFEB3}.Release|Any CPU.ActiveCfg = Release|Any CPU
		{558E8A3E-816A-4CF4-BC65-0BD3FD8FFEB3}.Release|Any CPU.Build.0 = Release|Any CPU
		{014FDB2F-248F-4EF1-86EF-E1EC26756957}.Debug|Any CPU.ActiveCfg = Debug|Any CPU
		{014FDB2F-248F-4EF1-86EF-E1EC26756957}.Debug|Any CPU.Build.0 = Debug|Any CPU
		{014FDB2F-248F-4EF1-86EF-E1EC26756957}.Release|Any CPU.ActiveCfg = Release|Any CPU
		{014FDB2F-248F-4EF1-86EF-E1EC26756957}.Release|Any CPU.Build.0 = Release|Any CPU
	EndGlobalSection
	GlobalSection(SolutionProperties) = preSolution
		HideSolutionNode = FALSE
	EndGlobalSection
	GlobalSection(ExtensibilityGlobals) = postSolution
		SolutionGuid = {C34A8567-510D-4C5E-992E-5D05802EF525}
	EndGlobalSection
EndGlobal
